// !$*UTF8*$!
{ archiveVersion = 1; classes = {}; objectVersion = 56; objects = {
2B00671BDB094EF13D5084FB = { isa = PBXFileReference; lastKnownFileType = sourcecode.swift; path = CompanionModel.swift; sourceTree = "<group>"; };
5F6AEC36A25605757169CABB = { isa = PBXBuildFile; fileRef = 2B00671BDB094EF13D5084FB; };
51277AC8D6C4CD88A23EFE0E = { isa = PBXFileReference; lastKnownFileType = sourcecode.swift; path = HealthReader.swift; sourceTree = "<group>"; };
734BC11F7ECC653C0430D603 = { isa = PBXBuildFile; fileRef = 51277AC8D6C4CD88A23EFE0E; };
9F58A5073CAFE607044D34F3 = { isa = PBXFileReference; lastKnownFileType = sourcecode.swift; path = KiraLifeApp.swift; sourceTree = "<group>"; };
7CE5E52CFA8885201B4D8498 = { isa = PBXBuildFile; fileRef = 9F58A5073CAFE607044D34F3; };
F7388B402F470FE325F679FB = { isa = PBXFileReference; lastKnownFileType = sourcecode.swift; path = LifeAPI.swift; sourceTree = "<group>"; };
D891D3B6D07A2D239BE723A0 = { isa = PBXBuildFile; fileRef = F7388B402F470FE325F679FB; };
BE26416832C4595F0973D52D = { isa = PBXFileReference; lastKnownFileType = sourcecode.swift; path = Models.swift; sourceTree = "<group>"; };
FD825685184AF3166D56C1B1 = { isa = PBXBuildFile; fileRef = BE26416832C4595F0973D52D; };
0406090F517159BE0F14CE0A = { isa = PBXFileReference; lastKnownFileType = sourcecode.swift; path = SecureStorage.swift; sourceTree = "<group>"; };
D2B462C06055D3EDEAA6E749 = { isa = PBXBuildFile; fileRef = 0406090F517159BE0F14CE0A; };
0D0F0622355761369C7461F5 = { isa = PBXFileReference; lastKnownFileType = text.plist.xml; path = Info.plist; sourceTree = "<group>"; };
DEB8BBA0A493B5AB9EE8C32C = { isa = PBXFileReference; lastKnownFileType = text.plist.entitlements; path = KiraLife.entitlements; sourceTree = "<group>"; };
A8792157CB4F27FB949C035F = { isa = PBXFileReference; explicitFileType = wrapper.application; includeInIndex = 0; path = KiraLife.app; sourceTree = BUILT_PRODUCTS_DIR; };
21D3B380B3DAA02544E7A4A3 = { isa = PBXGroup; children = (2B00671BDB094EF13D5084FB, 51277AC8D6C4CD88A23EFE0E, 9F58A5073CAFE607044D34F3, F7388B402F470FE325F679FB, BE26416832C4595F0973D52D, 0406090F517159BE0F14CE0A, 0D0F0622355761369C7461F5, DEB8BBA0A493B5AB9EE8C32C); path = KiraLife; sourceTree = "<group>"; };
5BAB63C60BF318DAB40A4F04 = { isa = PBXGroup; children = (A8792157CB4F27FB949C035F); name = Products; sourceTree = "<group>"; };
0035FE99EA2940F7FA633A58 = { isa = PBXGroup; children = (21D3B380B3DAA02544E7A4A3, 5BAB63C60BF318DAB40A4F04); sourceTree = "<group>"; };
878A52FC5FF6A57D50B7B870 = { isa = PBXSourcesBuildPhase; buildActionMask = 2147483647; files = (5F6AEC36A25605757169CABB, 734BC11F7ECC653C0430D603, 7CE5E52CFA8885201B4D8498, D891D3B6D07A2D239BE723A0, FD825685184AF3166D56C1B1, D2B462C06055D3EDEAA6E749); runOnlyForDeploymentPostprocessing = 0; };
E2AA269EB967A8853A258BFA = { isa = PBXFrameworksBuildPhase; buildActionMask = 2147483647; files = (); runOnlyForDeploymentPostprocessing = 0; };
41D311A605520FC7B8B9A980 = { isa = PBXResourcesBuildPhase; buildActionMask = 2147483647; files = (); runOnlyForDeploymentPostprocessing = 0; };
2B23A31EEC75B029432F2445 = { isa = XCBuildConfiguration; buildSettings = { SDKROOT = iphoneos; IPHONEOS_DEPLOYMENT_TARGET = 17.0; CLANG_ENABLE_MODULES = YES; SWIFT_VERSION = 5.0; }; name = Debug; };
EDDA600A3F771F810A8065C9 = { isa = XCBuildConfiguration; buildSettings = {
        CODE_SIGN_STYLE = Automatic; CODE_SIGN_ENTITLEMENTS = KiraLife/KiraLife.entitlements;
        INFOPLIST_FILE = KiraLife/Info.plist; GENERATE_INFOPLIST_FILE = NO;
        PRODUCT_BUNDLE_IDENTIFIER = vn.kira.life; PRODUCT_NAME = "$(TARGET_NAME)";
        TARGETED_DEVICE_FAMILY = 1; SUPPORTED_PLATFORMS = "iphoneos iphonesimulator";
        SWIFT_VERSION = 5.0; SWIFT_OPTIMIZATION_LEVEL = "-Onone";
        IPHONEOS_DEPLOYMENT_TARGET = 17.0; ENABLE_PREVIEWS = YES;
        LD_RUNPATH_SEARCH_PATHS = ("$(inherited)", "@executable_path/Frameworks");
    }; name = Debug; };
07CA1E69F6068DEA30A4DA6B = { isa = XCBuildConfiguration; buildSettings = { SDKROOT = iphoneos; IPHONEOS_DEPLOYMENT_TARGET = 17.0; CLANG_ENABLE_MODULES = YES; SWIFT_VERSION = 5.0; }; name = Release; };
594BCDCC96599D88EF772A08 = { isa = XCBuildConfiguration; buildSettings = {
        CODE_SIGN_STYLE = Automatic; CODE_SIGN_ENTITLEMENTS = KiraLife/KiraLife.entitlements;
        INFOPLIST_FILE = KiraLife/Info.plist; GENERATE_INFOPLIST_FILE = NO;
        PRODUCT_BUNDLE_IDENTIFIER = vn.kira.life; PRODUCT_NAME = "$(TARGET_NAME)";
        TARGETED_DEVICE_FAMILY = 1; SUPPORTED_PLATFORMS = "iphoneos iphonesimulator";
        SWIFT_VERSION = 5.0; SWIFT_OPTIMIZATION_LEVEL = "-O";
        IPHONEOS_DEPLOYMENT_TARGET = 17.0; ENABLE_PREVIEWS = YES;
        LD_RUNPATH_SEARCH_PATHS = ("$(inherited)", "@executable_path/Frameworks");
    }; name = Release; };
AAB2723FF2C8E6D1C298C1E4 = { isa = XCConfigurationList; buildConfigurations = (2B23A31EEC75B029432F2445, 07CA1E69F6068DEA30A4DA6B); defaultConfigurationIsVisible = 0; defaultConfigurationName = Release; };
04229C262AC03CB8C1234C52 = { isa = XCConfigurationList; buildConfigurations = (EDDA600A3F771F810A8065C9, 594BCDCC96599D88EF772A08); defaultConfigurationIsVisible = 0; defaultConfigurationName = Release; };
34A04005BCAF206EEC990BD9 = { isa = PBXNativeTarget; buildConfigurationList = 04229C262AC03CB8C1234C52; buildPhases = (878A52FC5FF6A57D50B7B870, E2AA269EB967A8853A258BFA, 41D311A605520FC7B8B9A980); buildRules = (); dependencies = (); name = KiraLife; productName = KiraLife; productReference = A8792157CB4F27FB949C035F; productType = "com.apple.product-type.application"; };
244210E48437B6556980A702 = { isa = PBXProject; attributes = { LastUpgradeCheck = 1600; TargetAttributes = { 34A04005BCAF206EEC990BD9 = { CreatedOnToolsVersion = 16.0; SystemCapabilities = { com.apple.HealthKit = { enabled = 1; }; }; }; }; };
    buildConfigurationList = AAB2723FF2C8E6D1C298C1E4; compatibilityVersion = "Xcode 14.0"; developmentRegion = en;
    hasScannedForEncodings = 0; knownRegions = (en, vi, Base); mainGroup = 0035FE99EA2940F7FA633A58; productRefGroup = 5BAB63C60BF318DAB40A4F04;
    projectDirPath = ""; projectRoot = ""; targets = (34A04005BCAF206EEC990BD9); };
}; rootObject = 244210E48437B6556980A702; }
